
Microsoft Visual Studio Solution File, Format Version 12.00
# Visual Studio Version 17
VisualStudioVersion = 17.0.31903.59
MinimumVisualStudioVersion = 10.0.40219.1
Project("{FAE04EC0-301F-11D3-BF4B-00C04F79EFBC}") = "RemittaApi", "RemittaApi\RemittaApi.csproj", "{F1C17334-91AF-4A28-8086-4F45746372A3}"
EndProject
Global
	GlobalSection(SolutionConfigurationPlatforms) = preSolution
		Debug|Any CPU = Debug|Any CPU
		Release|Any CPU = Release|Any CPU
	EndGlobalSection
	GlobalSection(ProjectConfigurationPlatforms) = postSolution
		{F1C17334-91AF-4A28-8086-4F45746372A3}.Debug|Any CPU.ActiveCfg = Debug|Any CPU
		{F1C17334-91AF-4A28-8086-4F45746372A3}.Debug|Any CPU.Build.0 = Debug|Any CPU
		{F1C17334-91AF-4A28-8086-4F45746372A3}.Release|Any CPU.ActiveCfg = Release|Any CPU
		{F1C17334-91AF-4A28-8086-4F45746372A3}.Release|Any CPU.Build.0 = Release|Any CPU
	EndGlobalSection
	GlobalSection(SolutionProperties) = preSolution
		HideSolutionNode = FALSE
	EndGlobalSection
	GlobalSection(ExtensibilityGlobals) = postSolution
		SolutionGuid = {A3A78517-0FB6-49AA-9684-3A63BB81A9D5}
	EndGlobalSection
EndGlobal
